
Microsoft Visual Studio Solution File, Format Version 11.00
# Visual Studio 2010
Project("{FAE04EC0-301F-11D3-BF4B-00C04F79EFBC}") = "snot.model", "snot.model\snot.model.csproj", "{03717278-2B99-41C4-8978-CF05D3C6FC0E}"
EndProject
Project("{FAE04EC0-301F-11D3-BF4B-00C04F79EFBC}") = "snot.web", "snot.web\snot.web.csproj", "{32607BC1-1B13-4077-8679-3B114D439862}"
EndProject
Global
	GlobalSection(SolutionConfigurationPlatforms) = preSolution
		Debug|Any CPU = Debug|Any CPU
		Release|Any CPU = Release|Any CPU
	EndGlobalSection
	GlobalSection(ProjectConfigurationPlatforms) = postSolution
		{03717278-2B99-41C4-8978-CF05D3C6FC0E}.Debug|Any CPU.ActiveCfg = Debug|Any CPU
		{03717278-2B99-41C4-8978-CF05D3C6FC0E}.Debug|Any CPU.Build.0 = Debug|Any CPU
		{03717278-2B99-41C4-8978-CF05D3C6FC0E}.Release|Any CPU.ActiveCfg = Release|Any CPU
		{03717278-2B99-41C4-8978-CF05D3C6FC0E}.Release|Any CPU.Build.0 = Release|Any CPU
		{32607BC1-1B13-4077-8679-3B114D439862}.Debug|Any CPU.ActiveCfg = Debug|Any CPU
		{32607BC1-1B13-4077-8679-3B114D439862}.Debug|Any CPU.Build.0 = Debug|Any CPU
		{32607BC1-1B13-4077-8679-3B114D439862}.Release|Any CPU.ActiveCfg = Release|Any CPU
		{32607BC1-1B13-4077-8679-3B114D439862}.Release|Any CPU.Build.0 = Release|Any CPU
	EndGlobalSection
	GlobalSection(SolutionProperties) = preSolution
		HideSolutionNode = FALSE
	EndGlobalSection
EndGlobal
